
Microsoft Visual Studio Solution File, Format Version 12.00
# Visual Studio Version 17
VisualStudioVersion = 17.10.35013.160
MinimumVisualStudioVersion = 10.0.40219.1
Project("{FAE04EC0-301F-11D3-BF4B-00C04F79EFBC}") = "RunningGroupsWebApp", "RunningGroupsWebApp\RunningGroupsWebApp.csproj", "{C2179435-1320-45A0-81C3-FAB48B81CF20}"
EndProject
Global
	GlobalSection(SolutionConfigurationPlatforms) = preSolution
		Debug|Any CPU = Debug|Any CPU
		Release|Any CPU = Release|Any CPU
	EndGlobalSection
	GlobalSection(ProjectConfigurationPlatforms) = postSolution
		{C2179435-1320-45A0-81C3-FAB48B81CF20}.Debug|Any CPU.ActiveCfg = Debug|Any CPU
		{C2179435-1320-45A0-81C3-FAB48B81CF20}.Debug|Any CPU.Build.0 = Debug|Any CPU
		{C2179435-1320-45A0-81C3-FAB48B81CF20}.Release|Any CPU.ActiveCfg = Release|Any CPU
		{C2179435-1320-45A0-81C3-FAB48B81CF20}.Release|Any CPU.Build.0 = Release|Any CPU
	EndGlobalSection
	GlobalSection(SolutionProperties) = preSolution
		HideSolutionNode = FALSE
	EndGlobalSection
	GlobalSection(ExtensibilityGlobals) = postSolution
		SolutionGuid = {6C9F81D7-9A24-44F7-92BF-B21C889C9116}
	EndGlobalSection
EndGlobal
